// !$*UTF8*$!
{
	archiveVersion = 1;
	classes = {
	};
	objectVersion = 77;
	objects = {

/* Begin PBXBuildFile section */
		023C6D25718E276DE35F5B06 /* ListRowStyleModifier.swift in Sources */ = {isa = PBXBuildFile; fileRef = 1ED5D97E0053F15153819283 /* ListRowStyleModifier.swift */; };
		0395F5F78083F5CB9F2E3554 /* RecurringExpenseStoreTests.swift in Sources */ = {isa = PBXBuildFile; fileRef = 3AD2424600C0B9242FDBC3CA /* RecurringExpenseStoreTests.swift */; };
		03B56BF8C76B42F566DCF813 /* AppRootView.swift in Sources */ = {isa = PBXBuildFile; fileRef = F365AC5B83D079AE1029FCE7 /* AppRootView.swift */; };
		0781AB67804B07DB759A02DB /* Theme.swift in Sources */ = {isa = PBXBuildFile; fileRef = 3C30CCD7442D31C1D4186059 /* Theme.swift */; };
		15585E9F05A8493AFC4C256E /* BackgroundView.swift in Sources */ = {isa = PBXBuildFile; fileRef = 1A62AFCF686FEC8686FD7707 /* BackgroundView.swift */; };
		15AEB10D54F28E00BD71A652 /* PremiumLockedView.swift in Sources */ = {isa = PBXBuildFile; fileRef = 08CF8F4F55B7FE0DF431419C /* PremiumLockedView.swift */; };
		189AE9AC99FDF533436C2C4D /* SettingsStoreTests.swift in Sources */ = {isa = PBXBuildFile; fileRef = 6EDE0969B9E516518C3C43E3 /* SettingsStoreTests.swift */; };
		237D8DC81ACBB4C6314118F3 /* ExpenseModelTests.swift in Sources */ = {isa = PBXBuildFile; fileRef = 45464AB42C68F5C1F2D43EAF /* ExpenseModelTests.swift */; };
		245BCFD2AC0D5BAAE63A0753 /* AuthStoreTests.swift in Sources */ = {isa = PBXBuildFile; fileRef = 5120B3BB0BDFDA9D75DA21B1 /* AuthStoreTests.swift */; };
		24C2FED0E268E31D9576763A /* AuthRootView.swift in Sources */ = {isa = PBXBuildFile; fileRef = C0D0F0994CBC543108F99F82 /* AuthRootView.swift */; };
		24F3A9D0DA434C0587DD7534 /* ExpenseCategory.swift in Sources */ = {isa = PBXBuildFile; fileRef = 5882D8AB5C6E6B1018671E9C /* ExpenseCategory.swift */; };
		268F4B49E1999E5B49F97A73 /* BillReminderServiceTests.swift in Sources */ = {isa = PBXBuildFile; fileRef = 8CCA6948EBED2E7220CC971F /* BillReminderServiceTests.swift */; };
		2E89633C0183646D767464B5 /* Expense.swift in Sources */ = {isa = PBXBuildFile; fileRef = EDC8A2B5AB1366ADF4378C34 /* Expense.swift */; };
		2F5AD93699D0F57D3690D214 /* OnboardingStore.swift in Sources */ = {isa = PBXBuildFile; fileRef = DB87FB4B89DC857759FB5DFF /* OnboardingStore.swift */; };
		35B0E0445A118FB8642C306B /* RecurringExpense.swift in Sources */ = {isa = PBXBuildFile; fileRef = BE6C6ECA2A2524ACB2EFFBAE /* RecurringExpense.swift */; };
		363DDC8978545C2492A62239 /* AddRecurringExpenseView.swift in Sources */ = {isa = PBXBuildFile; fileRef = 71D39440BBDD994EB1B339CF /* AddRecurringExpenseView.swift */; };
		37A1B890EDD383CB19FA5E94 /* KeychainHelper.swift in Sources */ = {isa = PBXBuildFile; fileRef = 3A109C974264A5DD63A213D7 /* KeychainHelper.swift */; };
		3ACBF609DA81FF97C17EE5AB /* ExpenseStore.swift in Sources */ = {isa = PBXBuildFile; fileRef = 581B4A586959AD8FFD42DB69 /* ExpenseStore.swift */; };
		3ED82E8483B5576F61E57BC6 /* SplashView.swift in Sources */ = {isa = PBXBuildFile; fileRef = 1397C6969080D756434B1862 /* SplashView.swift */; };
		3FF50B798480D4711F9079B9 /* BillReminderService.swift in Sources */ = {isa = PBXBuildFile; fileRef = A3F8D6A1F06A0BCE941AAE8B /* BillReminderService.swift */; };
		409DA15337738A5003EDFD22 /* LoginView.swift in Sources */ = {isa = PBXBuildFile; fileRef = 6C6599C5779A18F6E4CC947F /* LoginView.swift */; };
		4399D97A3EAD9E3D86A0FA94 /* OnboardingView.swift in Sources */ = {isa = PBXBuildFile; fileRef = FC0FFD82027CC9B2F90E8C22 /* OnboardingView.swift */; };
		46F3876CF1CF988B0B613821 /* CategoryPill.swift in Sources */ = {isa = PBXBuildFile; fileRef = 63DB13706B10E6BDEAF3A2E0 /* CategoryPill.swift */; };
		47EBF8C6E83F526646756E30 /* SubscriptionsVaultView.swift in Sources */ = {isa = PBXBuildFile; fileRef = 4D058D8C7BA5C9722433F7BF /* SubscriptionsVaultView.swift */; };
		4ECA947E3D114D755F980273 /* AuthShellView.swift in Sources */ = {isa = PBXBuildFile; fileRef = 92A7DB8E579E9EDE9BFFE020 /* AuthShellView.swift */; };
		522AEC9E67CD0B2A0A7C1513 /* OCRResult.swift in Sources */ = {isa = PBXBuildFile; fileRef = 7182D50D1757FA5EE33221AA /* OCRResult.swift */; };
		52D149F6183C656D172265A8 /* GlassCard.swift in Sources */ = {isa = PBXBuildFile; fileRef = A2C98433A14B6B04D05DEB3D /* GlassCard.swift */; };
		532E27EFC2558E07F729A8CE /* SignupView.swift in Sources */ = {isa = PBXBuildFile; fileRef = FFDEE57A7D9FE14CA290AF31 /* SignupView.swift */; };
		5574AE0998BE31A4DA23AD51 /* Logger.swift in Sources */ = {isa = PBXBuildFile; fileRef = 904BFBA405AF5B5D9C264F0E /* Logger.swift */; };
		56A334A5C6DF254C0B41E877 /* BillScannerView.swift in Sources */ = {isa = PBXBuildFile; fileRef = 72B83ED02D64038F1A3B75E2 /* BillScannerView.swift */; };
		5790BF732294230338352A92 /* ExpenseFlowApp.swift in Sources */ = {isa = PBXBuildFile; fileRef = C7EAB6FBB3D27112E20932BB /* ExpenseFlowApp.swift */; };
		5801FC891DB70611E048304D /* UtilityTests.swift in Sources */ = {isa = PBXBuildFile; fileRef = 88E3D454D0D0403AE9EF333E /* UtilityTests.swift */; };
		59D717D750177A5AEEF6BFCF /* BillOCRServiceTests.swift in Sources */ = {isa = PBXBuildFile; fileRef = DC87BCF1445E146282B2261C /* BillOCRServiceTests.swift */; };
		5A2CE109F1E8F8C71D257939 /* KeychainHelperTests.swift in Sources */ = {isa = PBXBuildFile; fileRef = 24B9A14744C3378D58AE75ED /* KeychainHelperTests.swift */; };
		5C7962F644DF572326CD0AA1 /* Launch Screen.storyboard in Resources */ = {isa = PBXBuildFile; fileRef = F2AC14CAC023A16E9E7295CF /* Launch Screen.storyboard */; };
		5DCA3D89AD3CF090D6BCFDBB /* MiniStatCard.swift in Sources */ = {isa = PBXBuildFile; fileRef = 62D623ED7BB24B9299871EDF /* MiniStatCard.swift */; };
		601E02E0070A7944FBF8FEA5 /* Formatters.swift in Sources */ = {isa = PBXBuildFile; fileRef = 6E688C41A557007E4BC98BAA /* Formatters.swift */; };
		6AB6AA0A9A24309F0D5FF00E /* BillOCRService.swift in Sources */ = {isa = PBXBuildFile; fileRef = 71CE11BBB54A3794B32404F9 /* BillOCRService.swift */; };
		6F9179C06892D90E5D0948B5 /* CSVExportTests.swift in Sources */ = {isa = PBXBuildFile; fileRef = B1E01C50B00E4BB77AE29CFC /* CSVExportTests.swift */; };
		717BEBE627DD5A8E51EE7C06 /* SettingsView.swift in Sources */ = {isa = PBXBuildFile; fileRef = EA769BF6D70FAB180C4C1E99 /* SettingsView.swift */; };
		7884C2FC85BB089A3C53EB00 /* PrimaryButtonStyle.swift in Sources */ = {isa = PBXBuildFile; fileRef = 3DDC318C333E85EDCF47DFF1 /* PrimaryButtonStyle.swift */; };
		810250635F64AE01C8790111 /* HistoryView.swift in Sources */ = {isa = PBXBuildFile; fileRef = 9F45F3FE2149D1BC6C129DB1 /* HistoryView.swift */; };
		86B381884C522886182F8843 /* RecurringExpenseTests.swift in Sources */ = {isa = PBXBuildFile; fileRef = 9C3EF350B05030A364C9D65A /* RecurringExpenseTests.swift */; };
		882F9EF4981690A2B1CB6A2A /* MainTabView.swift in Sources */ = {isa = PBXBuildFile; fileRef = AFA16E4660296BB59AD32D6F /* MainTabView.swift */; };
		89521DDEA58E8E01695C6EAC /* ExpenseStoreTests.swift in Sources */ = {isa = PBXBuildFile; fileRef = 0475033586BFE8DBA63BAD2A /* ExpenseStoreTests.swift */; };
		918A1F555D8EC658AD343526 /* DateHelpers.swift in Sources */ = {isa = PBXBuildFile; fileRef = E4E35CD4D359EFEECE1FA72F /* DateHelpers.swift */; };
		9869D79A1269A043B93C1D8D /* AuthStore.swift in Sources */ = {isa = PBXBuildFile; fileRef = 8A25F87FED82892132FA192D /* AuthStore.swift */; };
		A4BD7F6E8C0177796A335D83 /* RecurringExpensesView.swift in Sources */ = {isa = PBXBuildFile; fileRef = 810743E6A2C9833965145AED /* RecurringExpensesView.swift */; };
		BC557774ECA5B6A73367A5BC /* SectionHeader.swift in Sources */ = {isa = PBXBuildFile; fileRef = 060D82D687F91139F090F82B /* SectionHeader.swift */; };
		C005B0BEC19A43F6172E1DD9 /* PremiumFeatureStore.swift in Sources */ = {isa = PBXBuildFile; fileRef = 6D97FF5E26DC8FF9A5116265 /* PremiumFeatureStore.swift */; };
		C2F6E969EE49B4B1E4FB1367 /* PremiumFeatureStoreTests.swift in Sources */ = {isa = PBXBuildFile; fileRef = 58E50BEBE69D8BC01115BED8 /* PremiumFeatureStoreTests.swift */; };
		C47E80B53A820A53F848A4D5 /* SettingsStore.swift in Sources */ = {isa = PBXBuildFile; fileRef = AC9C15C76019FEEC21EEFE49 /* SettingsStore.swift */; };
		C8E8DF3BE7294EFFC16C1ADE /* RecurringExpenseStore.swift in Sources */ = {isa = PBXBuildFile; fileRef = 3F1DE1EA17BF70E6DB40F6C2 /* RecurringExpenseStore.swift */; };
		CDD9EA116937C27B0818F255 /* TabBarPaddingModifier.swift in Sources */ = {isa = PBXBuildFile; fileRef = 7ED1179CD6A05C0B43D28B45 /* TabBarPaddingModifier.swift */; };
		D345E92AD86B4218E4F170C5 /* AddExpenseView.swift in Sources */ = {isa = PBXBuildFile; fileRef = 6C7DA97B8EFE649BF259ACD0 /* AddExpenseView.swift */; };
		F0E9A50582D0B6197FBE93EC /* DashboardView.swift in Sources */ = {isa = PBXBuildFile; fileRef = 6C82FAF51619AC02FC762771 /* DashboardView.swift */; };
/* End PBXBuildFile section */

/* Begin PBXContainerItemProxy section */
		2B406D282E6A35CC0510ED63 /* PBXContainerItemProxy */ = {
			isa = PBXContainerItemProxy;
			containerPortal = 907ED5336CA862AE91B7335A /* Project object */;
			proxyType = 1;
			remoteGlobalIDString = 3012D5012E34398182CFC623;
			remoteInfo = ExpenseFlow;
		};
/* End PBXContainerItemProxy section */

/* Begin PBXFileReference section */
		0475033586BFE8DBA63BAD2A /* ExpenseStoreTests.swift */ = {isa = PBXFileReference; lastKnownFileType = sourcecode.swift; path = ExpenseStoreTests.swift; sourceTree = "<group>"; };
		060D82D687F91139F090F82B /* SectionHeader.swift */ = {isa = PBXFileReference; lastKnownFileType = sourcecode.swift; path = SectionHeader.swift; sourceTree = "<group>"; };
		08CF8F4F55B7FE0DF431419C /* PremiumLockedView.swift */ = {isa = PBXFileReference; lastKnownFileType = sourcecode.swift; path = PremiumLockedView.swift; sourceTree = "<group>"; };
		1397C6969080D756434B1862 /* SplashView.swift */ = {isa = PBXFileReference; lastKnownFileType = sourcecode.swift; path = SplashView.swift; sourceTree = "<group>"; };
		1A62AFCF686FEC8686FD7707 /* BackgroundView.swift */ = {isa = PBXFileReference; lastKnownFileType = sourcecode.swift; path = BackgroundView.swift; sourceTree = "<group>"; };
		1ED5D97E0053F15153819283 /* ListRowStyleModifier.swift */ = {isa = PBXFileReference; lastKnownFileType = sourcecode.swift; path = ListRowStyleModifier.swift; sourceTree = "<group>"; };
		24B9A14744C3378D58AE75ED /* KeychainHelperTests.swift */ = {isa = PBXFileReference; lastKnownFileType = sourcecode.swift; path = KeychainHelperTests.swift; sourceTree = "<group>"; };
		3A109C974264A5DD63A213D7 /* KeychainHelper.swift */ = {isa = PBXFileReference; lastKnownFileType = sourcecode.swift; path = KeychainHelper.swift; sourceTree = "<group>"; };
		3AD2424600C0B9242FDBC3CA /* RecurringExpenseStoreTests.swift */ = {isa = PBXFileReference; lastKnownFileType = sourcecode.swift; path = RecurringExpenseStoreTests.swift; sourceTree = "<group>"; };
		3C30CCD7442D31C1D4186059 /* Theme.swift */ = {isa = PBXFileReference; lastKnownFileType = sourcecode.swift; path = Theme.swift; sourceTree = "<group>"; };
		3DDC318C333E85EDCF47DFF1 /* PrimaryButtonStyle.swift */ = {isa = PBXFileReference; lastKnownFileType = sourcecode.swift; path = PrimaryButtonStyle.swift; sourceTree = "<group>"; };
		3F1DE1EA17BF70E6DB40F6C2 /* RecurringExpenseStore.swift */ = {isa = PBXFileReference; lastKnownFileType = sourcecode.swift; path = RecurringExpenseStore.swift; sourceTree = "<group>"; };
		45464AB42C68F5C1F2D43EAF /* ExpenseModelTests.swift */ = {isa = PBXFileReference; lastKnownFileType = sourcecode.swift; path = ExpenseModelTests.swift; sourceTree = "<group>"; };
		4D058D8C7BA5C9722433F7BF /* SubscriptionsVaultView.swift */ = {isa = PBXFileReference; lastKnownFileType = sourcecode.swift; path = SubscriptionsVaultView.swift; sourceTree = "<group>"; };
		5120B3BB0BDFDA9D75DA21B1 /* AuthStoreTests.swift */ = {isa = PBXFileReference; lastKnownFileType = sourcecode.swift; path = AuthStoreTests.swift; sourceTree = "<group>"; };
		581B4A586959AD8FFD42DB69 /* ExpenseStore.swift */ = {isa = PBXFileReference; lastKnownFileType = sourcecode.swift; path = ExpenseStore.swift; sourceTree = "<group>"; };
		5882D8AB5C6E6B1018671E9C /* ExpenseCategory.swift */ = {isa = PBXFileReference; lastKnownFileType = sourcecode.swift; path = ExpenseCategory.swift; sourceTree = "<group>"; };
		58E50BEBE69D8BC01115BED8 /* PremiumFeatureStoreTests.swift */ = {isa = PBXFileReference; lastKnownFileType = sourcecode.swift; path = PremiumFeatureStoreTests.swift; sourceTree = "<group>"; };
		62D623ED7BB24B9299871EDF /* MiniStatCard.swift */ = {isa = PBXFileReference; lastKnownFileType = sourcecode.swift; path = MiniStatCard.swift; sourceTree = "<group>"; };
		63DB13706B10E6BDEAF3A2E0 /* CategoryPill.swift */ = {isa = PBXFileReference; lastKnownFileType = sourcecode.swift; path = CategoryPill.swift; sourceTree = "<group>"; };
		6B744EF00A0EDA59BC3DBAB5 /* ExpenseFlowTests.xctest */ = {isa = PBXFileReference; includeInIndex = 0; lastKnownFileType = wrapper.cfbundle; path = ExpenseFlowTests.xctest; sourceTree = BUILT_PRODUCTS_DIR; };
		6C6599C5779A18F6E4CC947F /* LoginView.swift */ = {isa = PBXFileReference; lastKnownFileType = sourcecode.swift; path = LoginView.swift; sourceTree = "<group>"; };
		6C7DA97B8EFE649BF259ACD0 /* AddExpenseView.swift */ = {isa = PBXFileReference; lastKnownFileType = sourcecode.swift; path = AddExpenseView.swift; sourceTree = "<group>"; };
		6C82FAF51619AC02FC762771 /* DashboardView.swift */ = {isa = PBXFileReference; lastKnownFileType = sourcecode.swift; path = DashboardView.swift; sourceTree = "<group>"; };
		6D97FF5E26DC8FF9A5116265 /* PremiumFeatureStore.swift */ = {isa = PBXFileReference; lastKnownFileType = sourcecode.swift; path = PremiumFeatureStore.swift; sourceTree = "<group>"; };
		6E688C41A557007E4BC98BAA /* Formatters.swift */ = {isa = PBXFileReference; lastKnownFileType = sourcecode.swift; path = Formatters.swift; sourceTree = "<group>"; };
		6EDE0969B9E516518C3C43E3 /* SettingsStoreTests.swift */ = {isa = PBXFileReference; lastKnownFileType = sourcecode.swift; path = SettingsStoreTests.swift; sourceTree = "<group>"; };
		7182D50D1757FA5EE33221AA /* OCRResult.swift */ = {isa = PBXFileReference; lastKnownFileType = sourcecode.swift; path = OCRResult.swift; sourceTree = "<group>"; };
		71CE11BBB54A3794B32404F9 /* BillOCRService.swift */ = {isa = PBXFileReference; lastKnownFileType = sourcecode.swift; path = BillOCRService.swift; sourceTree = "<group>"; };
		71D39440BBDD994EB1B339CF /* AddRecurringExpenseView.swift */ = {isa = PBXFileReference; lastKnownFileType = sourcecode.swift; path = AddRecurringExpenseView.swift; sourceTree = "<group>"; };
		72B83ED02D64038F1A3B75E2 /* BillScannerView.swift */ = {isa = PBXFileReference; lastKnownFileType = sourcecode.swift; path = BillScannerView.swift; sourceTree = "<group>"; };
		7ED1179CD6A05C0B43D28B45 /* TabBarPaddingModifier.swift */ = {isa = PBXFileReference; lastKnownFileType = sourcecode.swift; path = TabBarPaddingModifier.swift; sourceTree = "<group>"; };
		810743E6A2C9833965145AED /* RecurringExpensesView.swift */ = {isa = PBXFileReference; lastKnownFileType = sourcecode.swift; path = RecurringExpensesView.swift; sourceTree = "<group>"; };
		88E3D454D0D0403AE9EF333E /* UtilityTests.swift */ = {isa = PBXFileReference; lastKnownFileType = sourcecode.swift; path = UtilityTests.swift; sourceTree = "<group>"; };
		8A25F87FED82892132FA192D /* AuthStore.swift */ = {isa = PBXFileReference; lastKnownFileType = sourcecode.swift; path = AuthStore.swift; sourceTree = "<group>"; };
		8CCA6948EBED2E7220CC971F /* BillReminderServiceTests.swift */ = {isa = PBXFileReference; lastKnownFileType = sourcecode.swift; path = BillReminderServiceTests.swift; sourceTree = "<group>"; };
		904BFBA405AF5B5D9C264F0E /* Logger.swift */ = {isa = PBXFileReference; lastKnownFileType = sourcecode.swift; path = Logger.swift; sourceTree = "<group>"; };
		92A7DB8E579E9EDE9BFFE020 /* AuthShellView.swift */ = {isa = PBXFileReference; lastKnownFileType = sourcecode.swift; path = AuthShellView.swift; sourceTree = "<group>"; };
		9C3EF350B05030A364C9D65A /* RecurringExpenseTests.swift */ = {isa = PBXFileReference; lastKnownFileType = sourcecode.swift; path = RecurringExpenseTests.swift; sourceTree = "<group>"; };
		9F45F3FE2149D1BC6C129DB1 /* HistoryView.swift */ = {isa = PBXFileReference; lastKnownFileType = sourcecode.swift; path = HistoryView.swift; sourceTree = "<group>"; };
		A2C98433A14B6B04D05DEB3D /* GlassCard.swift */ = {isa = PBXFileReference; lastKnownFileType = sourcecode.swift; path = GlassCard.swift; sourceTree = "<group>"; };
		A3F8D6A1F06A0BCE941AAE8B /* BillReminderService.swift */ = {isa = PBXFileReference; lastKnownFileType = sourcecode.swift; path = BillReminderService.swift; sourceTree = "<group>"; };
		AB798BE2373723DA53AE9345 /* ExpenseFlow.app */ = {isa = PBXFileReference; includeInIndex = 0; lastKnownFileType = wrapper.application; path = ExpenseFlow.app; sourceTree = BUILT_PRODUCTS_DIR; };
		AC9C15C76019FEEC21EEFE49 /* SettingsStore.swift */ = {isa = PBXFileReference; lastKnownFileType = sourcecode.swift; path = SettingsStore.swift; sourceTree = "<group>"; };
		AFA16E4660296BB59AD32D6F /* MainTabView.swift */ = {isa = PBXFileReference; lastKnownFileType = sourcecode.swift; path = MainTabView.swift; sourceTree = "<group>"; };
		B1E01C50B00E4BB77AE29CFC /* CSVExportTests.swift */ = {isa = PBXFileReference; lastKnownFileType = sourcecode.swift; path = CSVExportTests.swift; sourceTree = "<group>"; };
		BE6C6ECA2A2524ACB2EFFBAE /* RecurringExpense.swift */ = {isa = PBXFileReference; lastKnownFileType = sourcecode.swift; path = RecurringExpense.swift; sourceTree = "<group>"; };
		C0D0F0994CBC543108F99F82 /* AuthRootView.swift */ = {isa = PBXFileReference; lastKnownFileType = sourcecode.swift; path = AuthRootView.swift; sourceTree = "<group>"; };
		C7EAB6FBB3D27112E20932BB /* ExpenseFlowApp.swift */ = {isa = PBXFileReference; lastKnownFileType = sourcecode.swift; path = ExpenseFlowApp.swift; sourceTree = "<group>"; };
		DB87FB4B89DC857759FB5DFF /* OnboardingStore.swift */ = {isa = PBXFileReference; lastKnownFileType = sourcecode.swift; path = OnboardingStore.swift; sourceTree = "<group>"; };
		DC87BCF1445E146282B2261C /* BillOCRServiceTests.swift */ = {isa = PBXFileReference; lastKnownFileType = sourcecode.swift; path = BillOCRServiceTests.swift; sourceTree = "<group>"; };
		E4E35CD4D359EFEECE1FA72F /* DateHelpers.swift */ = {isa = PBXFileReference; lastKnownFileType = sourcecode.swift; path = DateHelpers.swift; sourceTree = "<group>"; };
		EA769BF6D70FAB180C4C1E99 /* SettingsView.swift */ = {isa = PBXFileReference; lastKnownFileType = sourcecode.swift; path = SettingsView.swift; sourceTree = "<group>"; };
		EDC8A2B5AB1366ADF4378C34 /* Expense.swift */ = {isa = PBXFileReference; lastKnownFileType = sourcecode.swift; path = Expense.swift; sourceTree = "<group>"; };
		F2AC14CAC023A16E9E7295CF /* Launch Screen.storyboard */ = {isa = PBXFileReference; lastKnownFileType = file.storyboard; path = "Launch Screen.storyboard"; sourceTree = "<group>"; };
		F365AC5B83D079AE1029FCE7 /* AppRootView.swift */ = {isa = PBXFileReference; lastKnownFileType = sourcecode.swift; path = AppRootView.swift; sourceTree = "<group>"; };
		FC0FFD82027CC9B2F90E8C22 /* OnboardingView.swift */ = {isa = PBXFileReference; lastKnownFileType = sourcecode.swift; path = OnboardingView.swift; sourceTree = "<group>"; };
		FFDEE57A7D9FE14CA290AF31 /* SignupView.swift */ = {isa = PBXFileReference; lastKnownFileType = sourcecode.swift; path = SignupView.swift; sourceTree = "<group>"; };
/* End PBXFileReference section */

/* Begin PBXGroup section */
		1549C4333C27A7953F7E9CA4 /* Main */ = {
			isa = PBXGroup;
			children = (
				F365AC5B83D079AE1029FCE7 /* AppRootView.swift */,
				AFA16E4660296BB59AD32D6F /* MainTabView.swift */,
				FC0FFD82027CC9B2F90E8C22 /* OnboardingView.swift */,
				1397C6969080D756434B1862 /* SplashView.swift */,
			);
			path = Main;
			sourceTree = "<group>";
		};
		1E14BCED1EA5AFB58E95CAD0 /* Tests */ = {
			isa = PBXGroup;
			children = (
				5FB04799335D7112C9113963 /* Unit */,
			);
			path = Tests;
			sourceTree = "<group>";
		};
		426CA748F53073E84D98D06E /* RecurringExpenses */ = {
			isa = PBXGroup;
			children = (
				71D39440BBDD994EB1B339CF /* AddRecurringExpenseView.swift */,
				810743E6A2C9833965145AED /* RecurringExpensesView.swift */,
				4D058D8C7BA5C9722433F7BF /* SubscriptionsVaultView.swift */,
			);
			path = RecurringExpenses;
			sourceTree = "<group>";
		};
		42BAC1B9486D19D476A70BBB /* Products */ = {
			isa = PBXGroup;
			children = (
				AB798BE2373723DA53AE9345 /* ExpenseFlow.app */,
				6B744EF00A0EDA59BC3DBAB5 /* ExpenseFlowTests.xctest */,
			);
			name = Products;
			sourceTree = "<group>";
		};
		4BFC1B4DB17D6C7A3D2415E9 /* Stores */ = {
			isa = PBXGroup;
			children = (
				8A25F87FED82892132FA192D /* AuthStore.swift */,
				581B4A586959AD8FFD42DB69 /* ExpenseStore.swift */,
				DB87FB4B89DC857759FB5DFF /* OnboardingStore.swift */,
				6D97FF5E26DC8FF9A5116265 /* PremiumFeatureStore.swift */,
				3F1DE1EA17BF70E6DB40F6C2 /* RecurringExpenseStore.swift */,
				AC9C15C76019FEEC21EEFE49 /* SettingsStore.swift */,
			);
			path = Stores;
			sourceTree = "<group>";
		};
		5FB04799335D7112C9113963 /* Unit */ = {
			isa = PBXGroup;
			children = (
				5120B3BB0BDFDA9D75DA21B1 /* AuthStoreTests.swift */,
				DC87BCF1445E146282B2261C /* BillOCRServiceTests.swift */,
				8CCA6948EBED2E7220CC971F /* BillReminderServiceTests.swift */,
				B1E01C50B00E4BB77AE29CFC /* CSVExportTests.swift */,
				45464AB42C68F5C1F2D43EAF /* ExpenseModelTests.swift */,
				0475033586BFE8DBA63BAD2A /* ExpenseStoreTests.swift */,
				24B9A14744C3378D58AE75ED /* KeychainHelperTests.swift */,
				58E50BEBE69D8BC01115BED8 /* PremiumFeatureStoreTests.swift */,
				3AD2424600C0B9242FDBC3CA /* RecurringExpenseStoreTests.swift */,
				9C3EF350B05030A364C9D65A /* RecurringExpenseTests.swift */,
				6EDE0969B9E516518C3C43E3 /* SettingsStoreTests.swift */,
				88E3D454D0D0403AE9EF333E /* UtilityTests.swift */,
			);
			path = Unit;
			sourceTree = "<group>";
		};
		7C5AC3EAA1E9619213580DDF /* Auth */ = {
			isa = PBXGroup;
			children = (
				C0D0F0994CBC543108F99F82 /* AuthRootView.swift */,
				92A7DB8E579E9EDE9BFFE020 /* AuthShellView.swift */,
				6C6599C5779A18F6E4CC947F /* LoginView.swift */,
				FFDEE57A7D9FE14CA290AF31 /* SignupView.swift */,
			);
			path = Auth;
			sourceTree = "<group>";
		};
		81B2DFE1C487F6F9543B969A /* Sources */ = {
			isa = PBXGroup;
			children = (
				C7EAB6FBB3D27112E20932BB /* ExpenseFlowApp.swift */,
				F2AC14CAC023A16E9E7295CF /* Launch Screen.storyboard */,
				83FEA82061199CFD6733AD0E /* App */,
				F5FCCE9B5E564009BF1BCA94 /* Components */,
				90139B9D5E6CB4E81ACDB832 /* Models */,
				AAE828D95DE1032C744F85D2 /* Services */,
				4BFC1B4DB17D6C7A3D2415E9 /* Stores */,
				F43784CEB7748B6201525EDE /* Utilities */,
				B6978B6719900EB6724F9372 /* Views */,
			);
			path = Sources;
			sourceTree = "<group>";
		};
		83FEA82061199CFD6733AD0E /* App */ = {
			isa = PBXGroup;
			children = (
				3C30CCD7442D31C1D4186059 /* Theme.swift */,
			);
			path = App;
			sourceTree = "<group>";
		};
		90139B9D5E6CB4E81ACDB832 /* Models */ = {
			isa = PBXGroup;
			children = (
				EDC8A2B5AB1366ADF4378C34 /* Expense.swift */,
				5882D8AB5C6E6B1018671E9C /* ExpenseCategory.swift */,
				7182D50D1757FA5EE33221AA /* OCRResult.swift */,
				BE6C6ECA2A2524ACB2EFFBAE /* RecurringExpense.swift */,
			);
			path = Models;
			sourceTree = "<group>";
		};
		AAE828D95DE1032C744F85D2 /* Services */ = {
			isa = PBXGroup;
			children = (
				71CE11BBB54A3794B32404F9 /* BillOCRService.swift */,
			);
			path = Services;
			sourceTree = "<group>";
		};
		AB79EE115D4BBF771E07CAE6 /* Premium */ = {
			isa = PBXGroup;
			children = (
				72B83ED02D64038F1A3B75E2 /* BillScannerView.swift */,
				08CF8F4F55B7FE0DF431419C /* PremiumLockedView.swift */,
			);
			path = Premium;
			sourceTree = "<group>";
		};
		B27A64F5B967A404F4D5B0C1 /* Expense */ = {
			isa = PBXGroup;
			children = (
				6C7DA97B8EFE649BF259ACD0 /* AddExpenseView.swift */,
			);
			path = Expense;
			sourceTree = "<group>";
		};
		B461F68F4881299E62E3D4F9 = {
			isa = PBXGroup;
			children = (
				81B2DFE1C487F6F9543B969A /* Sources */,
				1E14BCED1EA5AFB58E95CAD0 /* Tests */,
				42BAC1B9486D19D476A70BBB /* Products */,
			);
			sourceTree = "<group>";
		};
		B6978B6719900EB6724F9372 /* Views */ = {
			isa = PBXGroup;
			children = (
				7C5AC3EAA1E9619213580DDF /* Auth */,
				D2D2BE44572554B1E0A57C4C /* Dashboard */,
				B27A64F5B967A404F4D5B0C1 /* Expense */,
				C7AD8EB50A8C3B8C2636987E /* History */,
				1549C4333C27A7953F7E9CA4 /* Main */,
				AB79EE115D4BBF771E07CAE6 /* Premium */,
				426CA748F53073E84D98D06E /* RecurringExpenses */,
				D1FADA4D96F7E8D93289F7FC /* Settings */,
			);
			path = Views;
			sourceTree = "<group>";
		};
		C7AD8EB50A8C3B8C2636987E /* History */ = {
			isa = PBXGroup;
			children = (
				9F45F3FE2149D1BC6C129DB1 /* HistoryView.swift */,
			);
			path = History;
			sourceTree = "<group>";
		};
		D1FADA4D96F7E8D93289F7FC /* Settings */ = {
			isa = PBXGroup;
			children = (
				EA769BF6D70FAB180C4C1E99 /* SettingsView.swift */,
			);
			path = Settings;
			sourceTree = "<group>";
		};
		D2D2BE44572554B1E0A57C4C /* Dashboard */ = {
			isa = PBXGroup;
			children = (
				6C82FAF51619AC02FC762771 /* DashboardView.swift */,
			);
			path = Dashboard;
			sourceTree = "<group>";
		};
		F43784CEB7748B6201525EDE /* Utilities */ = {
			isa = PBXGroup;
			children = (
				A3F8D6A1F06A0BCE941AAE8B /* BillReminderService.swift */,
				E4E35CD4D359EFEECE1FA72F /* DateHelpers.swift */,
				6E688C41A557007E4BC98BAA /* Formatters.swift */,
				3A109C974264A5DD63A213D7 /* KeychainHelper.swift */,
				904BFBA405AF5B5D9C264F0E /* Logger.swift */,
			);
			path = Utilities;
			sourceTree = "<group>";
		};
		F5FCCE9B5E564009BF1BCA94 /* Components */ = {
			isa = PBXGroup;
			children = (
				1A62AFCF686FEC8686FD7707 /* BackgroundView.swift */,
				63DB13706B10E6BDEAF3A2E0 /* CategoryPill.swift */,
				A2C98433A14B6B04D05DEB3D /* GlassCard.swift */,
				1ED5D97E0053F15153819283 /* ListRowStyleModifier.swift */,
				62D623ED7BB24B9299871EDF /* MiniStatCard.swift */,
				3DDC318C333E85EDCF47DFF1 /* PrimaryButtonStyle.swift */,
				060D82D687F91139F090F82B /* SectionHeader.swift */,
				7ED1179CD6A05C0B43D28B45 /* TabBarPaddingModifier.swift */,
			);
			path = Components;
			sourceTree = "<group>";
		};
/* End PBXGroup section */

/* Begin PBXNativeTarget section */
		3012D5012E34398182CFC623 /* ExpenseFlow */ = {
			isa = PBXNativeTarget;
			buildConfigurationList = EBE37B5E6CDF57C6CCB7FB2A /* Build configuration list for PBXNativeTarget "ExpenseFlow" */;
			buildPhases = (
				4239A88EE6BD2E81C7BCB9C8 /* Sources */,
				2E2D967F97BED69D233932C2 /* Resources */,
			);
			buildRules = (
			);
			dependencies = (
			);
			name = ExpenseFlow;
			packageProductDependencies = (
			);
			productName = ExpenseFlow;
			productReference = AB798BE2373723DA53AE9345 /* ExpenseFlow.app */;
			productType = "com.apple.product-type.application";
		};
		68C16EFBD7DA04332CEB9430 /* ExpenseFlowTests */ = {
			isa = PBXNativeTarget;
			buildConfigurationList = 64BEFB367C80C72305746642 /* Build configuration list for PBXNativeTarget "ExpenseFlowTests" */;
			buildPhases = (
				0DB0DBB56D59C9DB5D4DC459 /* Sources */,
			);
			buildRules = (
			);
			dependencies = (
				6EE19625F6587E0B4B3628D8 /* PBXTargetDependency */,
			);
			name = ExpenseFlowTests;
			packageProductDependencies = (
			);
			productName = ExpenseFlowTests;
			productReference = 6B744EF00A0EDA59BC3DBAB5 /* ExpenseFlowTests.xctest */;
			productType = "com.apple.product-type.bundle.unit-test";
		};
/* End PBXNativeTarget section */

/* Begin PBXProject section */
		907ED5336CA862AE91B7335A /* Project object */ = {
			isa = PBXProject;
			attributes = {
				BuildIndependentTargetsInParallel = YES;
				LastUpgradeCheck = 1700;
				TargetAttributes = {
				};
			};
			buildConfigurationList = 1B346FDE5C243511A5C96290 /* Build configuration list for PBXProject "ExpenseFlow" */;
			developmentRegion = en;
			hasScannedForEncodings = 0;
			knownRegions = (
				Base,
				en,
			);
			mainGroup = B461F68F4881299E62E3D4F9;
			minimizedProjectReferenceProxies = 1;
			preferredProjectObjectVersion = 77;
			productRefGroup = 42BAC1B9486D19D476A70BBB /* Products */;
			projectDirPath = "";
			projectRoot = "";
			targets = (
				3012D5012E34398182CFC623 /* ExpenseFlow */,
				68C16EFBD7DA04332CEB9430 /* ExpenseFlowTests */,
			);
		};
/* End PBXProject section */

/* Begin PBXResourcesBuildPhase section */
		2E2D967F97BED69D233932C2 /* Resources */ = {
			isa = PBXResourcesBuildPhase;
			buildActionMask = 2147483647;
			files = (
				5C7962F644DF572326CD0AA1 /* Launch Screen.storyboard in Resources */,
			);
			runOnlyForDeploymentPostprocessing = 0;
		};
/* End PBXResourcesBuildPhase section */

/* Begin PBXSourcesBuildPhase section */
		0DB0DBB56D59C9DB5D4DC459 /* Sources */ = {
			isa = PBXSourcesBuildPhase;
			buildActionMask = 2147483647;
			files = (
				245BCFD2AC0D5BAAE63A0753 /* AuthStoreTests.swift in Sources */,
				59D717D750177A5AEEF6BFCF /* BillOCRServiceTests.swift in Sources */,
				268F4B49E1999E5B49F97A73 /* BillReminderServiceTests.swift in Sources */,
				6F9179C06892D90E5D0948B5 /* CSVExportTests.swift in Sources */,
				237D8DC81ACBB4C6314118F3 /* ExpenseModelTests.swift in Sources */,
				89521DDEA58E8E01695C6EAC /* ExpenseStoreTests.swift in Sources */,
				5A2CE109F1E8F8C71D257939 /* KeychainHelperTests.swift in Sources */,
				C2F6E969EE49B4B1E4FB1367 /* PremiumFeatureStoreTests.swift in Sources */,
				0395F5F78083F5CB9F2E3554 /* RecurringExpenseStoreTests.swift in Sources */,
				86B381884C522886182F8843 /* RecurringExpenseTests.swift in Sources */,
				189AE9AC99FDF533436C2C4D /* SettingsStoreTests.swift in Sources */,
				5801FC891DB70611E048304D /* UtilityTests.swift in Sources */,
			);
			runOnlyForDeploymentPostprocessing = 0;
		};
		4239A88EE6BD2E81C7BCB9C8 /* Sources */ = {
			isa = PBXSourcesBuildPhase;
			buildActionMask = 2147483647;
			files = (
				D345E92AD86B4218E4F170C5 /* AddExpenseView.swift in Sources */,
				363DDC8978545C2492A62239 /* AddRecurringExpenseView.swift in Sources */,
				03B56BF8C76B42F566DCF813 /* AppRootView.swift in Sources */,
				24C2FED0E268E31D9576763A /* AuthRootView.swift in Sources */,
				4ECA947E3D114D755F980273 /* AuthShellView.swift in Sources */,
				9869D79A1269A043B93C1D8D /* AuthStore.swift in Sources */,
				15585E9F05A8493AFC4C256E /* BackgroundView.swift in Sources */,
				6AB6AA0A9A24309F0D5FF00E /* BillOCRService.swift in Sources */,
				3FF50B798480D4711F9079B9 /* BillReminderService.swift in Sources */,
				56A334A5C6DF254C0B41E877 /* BillScannerView.swift in Sources */,
				46F3876CF1CF988B0B613821 /* CategoryPill.swift in Sources */,
				F0E9A50582D0B6197FBE93EC /* DashboardView.swift in Sources */,
				918A1F555D8EC658AD343526 /* DateHelpers.swift in Sources */,
				2E89633C0183646D767464B5 /* Expense.swift in Sources */,
				24F3A9D0DA434C0587DD7534 /* ExpenseCategory.swift in Sources */,
				5790BF732294230338352A92 /* ExpenseFlowApp.swift in Sources */,
				3ACBF609DA81FF97C17EE5AB /* ExpenseStore.swift in Sources */,
				601E02E0070A7944FBF8FEA5 /* Formatters.swift in Sources */,
				52D149F6183C656D172265A8 /* GlassCard.swift in Sources */,
				810250635F64AE01C8790111 /* HistoryView.swift in Sources */,
				37A1B890EDD383CB19FA5E94 /* KeychainHelper.swift in Sources */,
				023C6D25718E276DE35F5B06 /* ListRowStyleModifier.swift in Sources */,
				5574AE0998BE31A4DA23AD51 /* Logger.swift in Sources */,
				409DA15337738A5003EDFD22 /* LoginView.swift in Sources */,
				882F9EF4981690A2B1CB6A2A /* MainTabView.swift in Sources */,
				5DCA3D89AD3CF090D6BCFDBB /* MiniStatCard.swift in Sources */,
				522AEC9E67CD0B2A0A7C1513 /* OCRResult.swift in Sources */,
				2F5AD93699D0F57D3690D214 /* OnboardingStore.swift in Sources */,
				4399D97A3EAD9E3D86A0FA94 /* OnboardingView.swift in Sources */,
				C005B0BEC19A43F6172E1DD9 /* PremiumFeatureStore.swift in Sources */,
				15AEB10D54F28E00BD71A652 /* PremiumLockedView.swift in Sources */,
				7884C2FC85BB089A3C53EB00 /* PrimaryButtonStyle.swift in Sources */,
				35B0E0445A118FB8642C306B /* RecurringExpense.swift in Sources */,
				C8E8DF3BE7294EFFC16C1ADE /* RecurringExpenseStore.swift in Sources */,
				A4BD7F6E8C0177796A335D83 /* RecurringExpensesView.swift in Sources */,
				BC557774ECA5B6A73367A5BC /* SectionHeader.swift in Sources */,
				C47E80B53A820A53F848A4D5 /* SettingsStore.swift in Sources */,
				717BEBE627DD5A8E51EE7C06 /* SettingsView.swift in Sources */,
				532E27EFC2558E07F729A8CE /* SignupView.swift in Sources */,
				3ED82E8483B5576F61E57BC6 /* SplashView.swift in Sources */,
				47EBF8C6E83F526646756E30 /* SubscriptionsVaultView.swift in Sources */,
				CDD9EA116937C27B0818F255 /* TabBarPaddingModifier.swift in Sources */,
				0781AB67804B07DB759A02DB /* Theme.swift in Sources */,
			);
			runOnlyForDeploymentPostprocessing = 0;
		};
/* End PBXSourcesBuildPhase section */

/* Begin PBXTargetDependency section */
		6EE19625F6587E0B4B3628D8 /* PBXTargetDependency */ = {
			isa = PBXTargetDependency;
			target = 3012D5012E34398182CFC623 /* ExpenseFlow */;
			targetProxy = 2B406D282E6A35CC0510ED63 /* PBXContainerItemProxy */;
		};
/* End PBXTargetDependency section */

/* Begin XCBuildConfiguration section */
		12084F52DE1104FD0AC91D07 /* Debug */ = {
			isa = XCBuildConfiguration;
			buildSettings = {
				ALWAYS_SEARCH_USER_PATHS = NO;
				CLANG_ANALYZER_NONNULL = YES;
				CLANG_ANALYZER_NUMBER_OBJECT_CONVERSION = YES_AGGRESSIVE;
				CLANG_COVERAGE_MAPPING = NO;
				CLANG_CXX_LANGUAGE_STANDARD = "gnu++14";
				CLANG_CXX_LIBRARY = "libc++";
				CLANG_ENABLE_MODULES = YES;
				CLANG_ENABLE_OBJC_ARC = YES;
				CLANG_ENABLE_OBJC_WEAK = YES;
				CLANG_WARN_BLOCK_CAPTURE_AUTORELEASING = YES;
				CLANG_WARN_BOOL_CONVERSION = YES;
				CLANG_WARN_COMMA = YES;
				CLANG_WARN_CONSTANT_CONVERSION = YES;
				CLANG_WARN_DEPRECATED_OBJC_IMPLEMENTATIONS = YES;
				CLANG_WARN_DIRECT_OBJC_ISA_USAGE = YES_ERROR;
				CLANG_WARN_DOCUMENTATION_COMMENTS = YES;
				CLANG_WARN_EMPTY_BODY = YES;
				CLANG_WARN_ENUM_CONVERSION = YES;
				CLANG_WARN_INFINITE_RECURSION = YES;
				CLANG_WARN_INT_CONVERSION = YES;
				CLANG_WARN_NON_LITERAL_NULL_CONVERSION = YES;
				CLANG_WARN_OBJC_IMPLICIT_RETAIN_SELF = YES;
				CLANG_WARN_OBJC_LITERAL_CONVERSION = YES;
				CLANG_WARN_OBJC_ROOT_CLASS = YES_ERROR;
				CLANG_WARN_QUOTED_INCLUDE_IN_FRAMEWORK_HEADER = YES;
				CLANG_WARN_RANGE_LOOP_ANALYSIS = YES;
				CLANG_WARN_STRICT_PROTOTYPES = YES;
				CLANG_WARN_SUSPICIOUS_MOVE = YES;
				CLANG_WARN_UNGUARDED_AVAILABILITY = YES_AGGRESSIVE;
				CLANG_WARN_UNREACHABLE_CODE = YES;
				CLANG_WARN__DUPLICATE_METHOD_MATCH = YES;
				CODE_COVERAGE_ENABLED = NO;
				COPY_PHASE_STRIP = NO;
				CURRENT_PROJECT_VERSION = 1;
				DEBUG_INFORMATION_FORMAT = dwarf;
				ENABLE_STRICT_OBJC_MSGSEND = YES;
				ENABLE_TESTABILITY = YES;
				GCC_C_LANGUAGE_STANDARD = gnu11;
				GCC_DYNAMIC_NO_PIC = NO;
				GCC_NO_COMMON_BLOCKS = YES;
				GCC_OPTIMIZATION_LEVEL = 0;
				GCC_PREPROCESSOR_DEFINITIONS = (
					"$(inherited)",
					"DEBUG=1",
				);
				GCC_WARN_64_TO_32_BIT_CONVERSION = YES;
				GCC_WARN_ABOUT_RETURN_TYPE = YES_ERROR;
				GCC_WARN_UNDECLARED_SELECTOR = YES;
				GCC_WARN_UNINITIALIZED_AUTOS = YES_AGGRESSIVE;
				GCC_WARN_UNUSED_FUNCTION = YES;
				GCC_WARN_UNUSED_VARIABLE = YES;
				IPHONEOS_DEPLOYMENT_TARGET = 16.0;
				LLVM_PROFILE_GENERATION = NO;
				MARKETING_VERSION = 1.0;
				MTL_ENABLE_DEBUG_INFO = INCLUDE_SOURCE;
				MTL_FAST_MATH = YES;
				ONLY_ACTIVE_ARCH = YES;
				PRODUCT_NAME = "$(TARGET_NAME)";
				SDKROOT = iphoneos;
				SWIFT_ACTIVE_COMPILATION_CONDITIONS = DEBUG;
				SWIFT_OPTIMIZATION_LEVEL = "-Onone";
				SWIFT_VERSION = 5.9;
				TOOLCHAINS = "(empty)";
			};
			name = Debug;
		};
		3011336A9D5FFF3EBFC4CC73 /* Release */ = {
			isa = XCBuildConfiguration;
			buildSettings = {
				ASSETCATALOG_COMPILER_APPICON_NAME = AppIcon;
				CLANG_COVERAGE_MAPPING = NO;
				CODE_COVERAGE_ENABLED = NO;
				CODE_SIGN_IDENTITY = "";
				INFOPLIST_FILE = Resources/Info.plist;
				LD_RUNPATH_SEARCH_PATHS = (
					"$(inherited)",
					"@executable_path/Frameworks",
				);
				LLVM_PROFILE_GENERATION = NO;
				PRODUCT_BUNDLE_IDENTIFIER = com.example.expenseflow;
				SDKROOT = iphoneos;
				TARGETED_DEVICE_FAMILY = "1,2";
			};
			name = Release;
		};
		570AE295BCF68AFCA873D5F9 /* Debug */ = {
			isa = XCBuildConfiguration;
			buildSettings = {
				ASSETCATALOG_COMPILER_APPICON_NAME = AppIcon;
				CLANG_COVERAGE_MAPPING = NO;
				CODE_COVERAGE_ENABLED = NO;
				CODE_SIGN_IDENTITY = "";
				INFOPLIST_FILE = Resources/Info.plist;
				LD_RUNPATH_SEARCH_PATHS = (
					"$(inherited)",
					"@executable_path/Frameworks",
				);
				LLVM_PROFILE_GENERATION = NO;
				PRODUCT_BUNDLE_IDENTIFIER = com.example.expenseflow;
				SDKROOT = iphoneos;
				TARGETED_DEVICE_FAMILY = "1,2";
			};
			name = Debug;
		};
		7DAA0957D4370CF595C68CF6 /* Debug */ = {
			isa = XCBuildConfiguration;
			buildSettings = {
				BUNDLE_LOADER = "$(TEST_HOST)";
				CLANG_COVERAGE_MAPPING = NO;
				CODE_COVERAGE_ENABLED = NO;
				CODE_SIGN_IDENTITY = "";
				ENABLE_TESTABILITY = YES;
				GENERATE_INFOPLIST_FILE = YES;
				LD_RUNPATH_SEARCH_PATHS = (
					"$(inherited)",
					"@executable_path/Frameworks",
					"@loader_path/Frameworks",
				);
				LLVM_PROFILE_GENERATION = NO;
				PRODUCT_BUNDLE_IDENTIFIER = com.example.expenseflow.tests;
				SDKROOT = iphoneos;
				TARGETED_DEVICE_FAMILY = "1,2";
				TEST_HOST = "$(BUILT_PRODUCTS_DIR)/ExpenseFlow.app/ExpenseFlow";
			};
			name = Debug;
		};
		D4072EE9423423C7118CCF2F /* Release */ = {
			isa = XCBuildConfiguration;
			buildSettings = {
				ALWAYS_SEARCH_USER_PATHS = NO;
				CLANG_ANALYZER_NONNULL = YES;
				CLANG_ANALYZER_NUMBER_OBJECT_CONVERSION = YES_AGGRESSIVE;
				CLANG_COVERAGE_MAPPING = NO;
				CLANG_CXX_LANGUAGE_STANDARD = "gnu++14";
				CLANG_CXX_LIBRARY = "libc++";
				CLANG_ENABLE_MODULES = YES;
				CLANG_ENABLE_OBJC_ARC = YES;
				CLANG_ENABLE_OBJC_WEAK = YES;
				CLANG_WARN_BLOCK_CAPTURE_AUTORELEASING = YES;
				CLANG_WARN_BOOL_CONVERSION = YES;
				CLANG_WARN_COMMA = YES;
				CLANG_WARN_CONSTANT_CONVERSION = YES;
				CLANG_WARN_DEPRECATED_OBJC_IMPLEMENTATIONS = YES;
				CLANG_WARN_DIRECT_OBJC_ISA_USAGE = YES_ERROR;
				CLANG_WARN_DOCUMENTATION_COMMENTS = YES;
				CLANG_WARN_EMPTY_BODY = YES;
				CLANG_WARN_ENUM_CONVERSION = YES;
				CLANG_WARN_INFINITE_RECURSION = YES;
				CLANG_WARN_INT_CONVERSION = YES;
				CLANG_WARN_NON_LITERAL_NULL_CONVERSION = YES;
				CLANG_WARN_OBJC_IMPLICIT_RETAIN_SELF = YES;
				CLANG_WARN_OBJC_LITERAL_CONVERSION = YES;
				CLANG_WARN_OBJC_ROOT_CLASS = YES_ERROR;
				CLANG_WARN_QUOTED_INCLUDE_IN_FRAMEWORK_HEADER = YES;
				CLANG_WARN_RANGE_LOOP_ANALYSIS = YES;
				CLANG_WARN_STRICT_PROTOTYPES = YES;
				CLANG_WARN_SUSPICIOUS_MOVE = YES;
				CLANG_WARN_UNGUARDED_AVAILABILITY = YES_AGGRESSIVE;
				CLANG_WARN_UNREACHABLE_CODE = YES;
				CLANG_WARN__DUPLICATE_METHOD_MATCH = YES;
				CODE_COVERAGE_ENABLED = NO;
				COPY_PHASE_STRIP = NO;
				CURRENT_PROJECT_VERSION = 1;
				DEBUG_INFORMATION_FORMAT = "dwarf-with-dsym";
				ENABLE_NS_ASSERTIONS = NO;
				ENABLE_STRICT_OBJC_MSGSEND = YES;
				GCC_C_LANGUAGE_STANDARD = gnu11;
				GCC_NO_COMMON_BLOCKS = YES;
				GCC_WARN_64_TO_32_BIT_CONVERSION = YES;
				GCC_WARN_ABOUT_RETURN_TYPE = YES_ERROR;
				GCC_WARN_UNDECLARED_SELECTOR = YES;
				GCC_WARN_UNINITIALIZED_AUTOS = YES_AGGRESSIVE;
				GCC_WARN_UNUSED_FUNCTION = YES;
				GCC_WARN_UNUSED_VARIABLE = YES;
				IPHONEOS_DEPLOYMENT_TARGET = 16.0;
				LLVM_PROFILE_GENERATION = NO;
				MARKETING_VERSION = 1.0;
				MTL_ENABLE_DEBUG_INFO = NO;
				MTL_FAST_MATH = YES;
				PRODUCT_NAME = "$(TARGET_NAME)";
				SDKROOT = iphoneos;
				SWIFT_COMPILATION_MODE = wholemodule;
				SWIFT_OPTIMIZATION_LEVEL = "-O";
				SWIFT_VERSION = 5.9;
				TOOLCHAINS = "(empty)";
			};
			name = Release;
		};
		FD7629F5D97E06910830E6FC /* Release */ = {
			isa = XCBuildConfiguration;
			buildSettings = {
				BUNDLE_LOADER = "$(TEST_HOST)";
				CLANG_COVERAGE_MAPPING = NO;
				CODE_COVERAGE_ENABLED = NO;
				CODE_SIGN_IDENTITY = "";
				ENABLE_TESTABILITY = YES;
				GENERATE_INFOPLIST_FILE = YES;
				LD_RUNPATH_SEARCH_PATHS = (
					"$(inherited)",
					"@executable_path/Frameworks",
					"@loader_path/Frameworks",
				);
				LLVM_PROFILE_GENERATION = NO;
				PRODUCT_BUNDLE_IDENTIFIER = com.example.expenseflow.tests;
				SDKROOT = iphoneos;
				TARGETED_DEVICE_FAMILY = "1,2";
				TEST_HOST = "$(BUILT_PRODUCTS_DIR)/ExpenseFlow.app/ExpenseFlow";
			};
			name = Release;
		};
/* End XCBuildConfiguration section */

/* Begin XCConfigurationList section */
		1B346FDE5C243511A5C96290 /* Build configuration list for PBXProject "ExpenseFlow" */ = {
			isa = XCConfigurationList;
			buildConfigurations = (
				12084F52DE1104FD0AC91D07 /* Debug */,
				D4072EE9423423C7118CCF2F /* Release */,
			);
			defaultConfigurationIsVisible = 0;
			defaultConfigurationName = Debug;
		};
		64BEFB367C80C72305746642 /* Build configuration list for PBXNativeTarget "ExpenseFlowTests" */ = {
			isa = XCConfigurationList;
			buildConfigurations = (
				7DAA0957D4370CF595C68CF6 /* Debug */,
				FD7629F5D97E06910830E6FC /* Release */,
			);
			defaultConfigurationIsVisible = 0;
			defaultConfigurationName = Debug;
		};
		EBE37B5E6CDF57C6CCB7FB2A /* Build configuration list for PBXNativeTarget "ExpenseFlow" */ = {
			isa = XCConfigurationList;
			buildConfigurations = (
				570AE295BCF68AFCA873D5F9 /* Debug */,
				3011336A9D5FFF3EBFC4CC73 /* Release */,
			);
			defaultConfigurationIsVisible = 0;
			defaultConfigurationName = Debug;
		};
/* End XCConfigurationList section */
	};
	rootObject = 907ED5336CA862AE91B7335A /* Project object */;
}
